
Microsoft Visual Studio Solution File, Format Version 12.00
# Visual Studio Version 17
VisualStudioVersion = 17.10.35122.118
MinimumVisualStudioVersion = 10.0.40219.1
Project("{FAE04EC0-301F-11D3-BF4B-00C04F79EFBC}") = "Servidorotra version", "Servidorotra version\Servidorotra version.csproj", "{B6F302F6-29AF-41D9-BE84-15F2515692B6}"
EndProject
Global
	GlobalSection(SolutionConfigurationPlatforms) = preSolution
		Debug|Any CPU = Debug|Any CPU
		Release|Any CPU = Release|Any CPU
	EndGlobalSection
	GlobalSection(ProjectConfigurationPlatforms) = postSolution
		{B6F302F6-29AF-41D9-BE84-15F2515692B6}.Debug|Any CPU.ActiveCfg = Debug|Any CPU
		{B6F302F6-29AF-41D9-BE84-15F2515692B6}.Debug|Any CPU.Build.0 = Debug|Any CPU
		{B6F302F6-29AF-41D9-BE84-15F2515692B6}.Release|Any CPU.ActiveCfg = Release|Any CPU
		{B6F302F6-29AF-41D9-BE84-15F2515692B6}.Release|Any CPU.Build.0 = Release|Any CPU
	EndGlobalSection
	GlobalSection(SolutionProperties) = preSolution
		HideSolutionNode = FALSE
	EndGlobalSection
	GlobalSection(ExtensibilityGlobals) = postSolution
		SolutionGuid = {76A0C2B8-C945-452E-A39A-9920F8454ABA}
	EndGlobalSection
EndGlobal
